// !$*UTF8*$!
{
	archiveVersion = 1;
	classes = {
	};
	objectVersion = 46;
	objects = {

/* Begin PBXBuildFile section */
		5210D8741696B29600C5200D /* Cocoa.framework in Frameworks */ = {isa = PBXBuildFile; fileRef = 5210D8731696B29600C5200D /* Cocoa.framework */; };
		5210D87E1696B29600C5200D /* InfoPlist.strings in Resources */ = {isa = PBXBuildFile; fileRef = 5210D87C1696B29600C5200D /* InfoPlist.strings */; };
		5210D8801696B29600C5200D /* main.m in Sources */ = {isa = PBXBuildFile; fileRef = 5210D87F1696B29600C5200D /* main.m */; };
		5210D8841696B29600C5200D /* Credits.rtf in Resources */ = {isa = PBXBuildFile; fileRef = 5210D8821696B29600C5200D /* Credits.rtf */; };
		5210D8871696B29600C5200D /* AppDelegate.m in Sources */ = {isa = PBXBuildFile; fileRef = 5210D8861696B29600C5200D /* AppDelegate.m */; };
		5210D88A1696B29600C5200D /* MainMenu.xib in Resources */ = {isa = PBXBuildFile; fileRef = 5210D8881696B29600C5200D /* MainMenu.xib */; };
		5210D8961696B43100C5200D /* TweakController.m in Sources */ = {isa = PBXBuildFile; fileRef = 5210D8951696B43100C5200D /* TweakController.m */; };
		5210D8AC169A97B000C5200D /* BLAuthentication.m in Sources */ = {isa = PBXBuildFile; fileRef = 5210D8AB169A970F00C5200D /* BLAuthentication.m */; };
		5210D8AE169A986A00C5200D /* Security.framework in Frameworks */ = {isa = PBXBuildFile; fileRef = 5210D8AD169A986A00C5200D /* Security.framework */; };
		5210D8B8169AA52300C5200D /* AdobeSystems.png in Resources */ = {isa = PBXBuildFile; fileRef = 5210D8B7169AA52300C5200D /* AdobeSystems.png */; };
		5210D8BB169AB2BD00C5200D /* hosts-patched in Resources */ = {isa = PBXBuildFile; fileRef = 5210D8BA169AB2BD00C5200D /* hosts-patched */; };
		5210D8BD169AD1B500C5200D /* icon.icns in Resources */ = {isa = PBXBuildFile; fileRef = 5210D8BC169AD1B500C5200D /* icon.icns */; };
/* End PBXBuildFile section */

/* Begin PBXFileReference section */
		5210D86F1696B29600C5200D /* LingTweak.app */ = {isa = PBXFileReference; explicitFileType = wrapper.application; includeInIndex = 0; path = LingTweak.app; sourceTree = BUILT_PRODUCTS_DIR; };
		5210D8731696B29600C5200D /* Cocoa.framework */ = {isa = PBXFileReference; lastKnownFileType = wrapper.framework; name = Cocoa.framework; path = System/Library/Frameworks/Cocoa.framework; sourceTree = SDKROOT; };
		5210D8761696B29600C5200D /* AppKit.framework */ = {isa = PBXFileReference; lastKnownFileType = wrapper.framework; name = AppKit.framework; path = System/Library/Frameworks/AppKit.framework; sourceTree = SDKROOT; };
		5210D8771696B29600C5200D /* CoreData.framework */ = {isa = PBXFileReference; lastKnownFileType = wrapper.framework; name = CoreData.framework; path = System/Library/Frameworks/CoreData.framework; sourceTree = SDKROOT; };
		5210D8781696B29600C5200D /* Foundation.framework */ = {isa = PBXFileReference; lastKnownFileType = wrapper.framework; name = Foundation.framework; path = System/Library/Frameworks/Foundation.framework; sourceTree = SDKROOT; };
		5210D87B1696B29600C5200D /* LingTweak-Info.plist */ = {isa = PBXFileReference; lastKnownFileType = text.plist.xml; path = "LingTweak-Info.plist"; sourceTree = "<group>"; };
		5210D87D1696B29600C5200D /* en */ = {isa = PBXFileReference; lastKnownFileType = text.plist.strings; name = en; path = en.lproj/InfoPlist.strings; sourceTree = "<group>"; };
		5210D87F1696B29600C5200D /* main.m */ = {isa = PBXFileReference; lastKnownFileType = sourcecode.c.objc; path = main.m; sourceTree = "<group>"; };
		5210D8811696B29600C5200D /* LingTweak-Prefix.pch */ = {isa = PBXFileReference; lastKnownFileType = sourcecode.c.h; path = "LingTweak-Prefix.pch"; sourceTree = "<group>"; };
		5210D8831696B29600C5200D /* en */ = {isa = PBXFileReference; lastKnownFileType = text.rtf; name = en; path = en.lproj/Credits.rtf; sourceTree = "<group>"; };
		5210D8851696B29600C5200D /* AppDelegate.h */ = {isa = PBXFileReference; lastKnownFileType = sourcecode.c.h; path = AppDelegate.h; sourceTree = "<group>"; };
		5210D8861696B29600C5200D /* AppDelegate.m */ = {isa = PBXFileReference; lastKnownFileType = sourcecode.c.objc; path = AppDelegate.m; sourceTree = "<group>"; };
		5210D8891696B29600C5200D /* en */ = {isa = PBXFileReference; lastKnownFileType = file.xib; name = en; path = en.lproj/MainMenu.xib; sourceTree = "<group>"; };
		5210D8941696B43100C5200D /* TweakController.h */ = {isa = PBXFileReference; fileEncoding = 4; lastKnownFileType = sourcecode.c.h; path = TweakController.h; sourceTree = "<group>"; };
		5210D8951696B43100C5200D /* TweakController.m */ = {isa = PBXFileReference; fileEncoding = 4; lastKnownFileType = sourcecode.c.objc; path = TweakController.m; sourceTree = "<group>"; };
		5210D8AA169A970F00C5200D /* BLAuthentication.h */ = {isa = PBXFileReference; lastKnownFileType = sourcecode.c.h; path = BLAuthentication.h; sourceTree = "<group>"; };
		5210D8AB169A970F00C5200D /* BLAuthentication.m */ = {isa = PBXFileReference; lastKnownFileType = sourcecode.c.objc; path = BLAuthentication.m; sourceTree = "<group>"; };
		5210D8AD169A986A00C5200D /* Security.framework */ = {isa = PBXFileReference; lastKnownFileType = wrapper.framework; name = Security.framework; path = System/Library/Frameworks/Security.framework; sourceTree = SDKROOT; };
		5210D8B7169AA52300C5200D /* AdobeSystems.png */ = {isa = PBXFileReference; lastKnownFileType = image.png; path = AdobeSystems.png; sourceTree = "<group>"; };
		5210D8BA169AB2BD00C5200D /* hosts-patched */ = {isa = PBXFileReference; fileEncoding = 4; lastKnownFileType = text; path = "hosts-patched"; sourceTree = "<group>"; };
		5210D8BC169AD1B500C5200D /* icon.icns */ = {isa = PBXFileReference; lastKnownFileType = image.icns; path = icon.icns; sourceTree = "<group>"; };
/* End PBXFileReference section */

/* Begin PBXFrameworksBuildPhase section */
		5210D86C1696B29600C5200D /* Frameworks */ = {
			isa = PBXFrameworksBuildPhase;
			buildActionMask = 2147483647;
			files = (
				5210D8AE169A986A00C5200D /* Security.framework in Frameworks */,
				5210D8741696B29600C5200D /* Cocoa.framework in Frameworks */,
			);
			runOnlyForDeploymentPostprocessing = 0;
		};
/* End PBXFrameworksBuildPhase section */

/* Begin PBXGroup section */
		5210D8641696B29500C5200D = {
			isa = PBXGroup;
			children = (
				5210D8791696B29600C5200D /* LingTweak */,
				5210D8721696B29600C5200D /* Frameworks */,
				5210D8701696B29600C5200D /* Products */,
			);
			sourceTree = "<group>";
		};
		5210D8701696B29600C5200D /* Products */ = {
			isa = PBXGroup;
			children = (
				5210D86F1696B29600C5200D /* LingTweak.app */,
			);
			name = Products;
			sourceTree = "<group>";
		};
		5210D8721696B29600C5200D /* Frameworks */ = {
			isa = PBXGroup;
			children = (
				5210D8AD169A986A00C5200D /* Security.framework */,
				5210D8731696B29600C5200D /* Cocoa.framework */,
				5210D8751696B29600C5200D /* Other Frameworks */,
			);
			name = Frameworks;
			sourceTree = "<group>";
		};
		5210D8751696B29600C5200D /* Other Frameworks */ = {
			isa = PBXGroup;
			children = (
				5210D8761696B29600C5200D /* AppKit.framework */,
				5210D8771696B29600C5200D /* CoreData.framework */,
				5210D8781696B29600C5200D /* Foundation.framework */,
			);
			name = "Other Frameworks";
			sourceTree = "<group>";
		};
		5210D8791696B29600C5200D /* LingTweak */ = {
			isa = PBXGroup;
			children = (
				5210D8A9169A963400C5200D /* Library */,
				5210D8851696B29600C5200D /* AppDelegate.h */,
				5210D8861696B29600C5200D /* AppDelegate.m */,
				5210D8941696B43100C5200D /* TweakController.h */,
				5210D8951696B43100C5200D /* TweakController.m */,
				5210D8881696B29600C5200D /* MainMenu.xib */,
				5210D87A1696B29600C5200D /* Supporting Files */,
			);
			path = LingTweak;
			sourceTree = "<group>";
		};
		5210D87A1696B29600C5200D /* Supporting Files */ = {
			isa = PBXGroup;
			children = (
				5210D8BA169AB2BD00C5200D /* hosts-patched */,
				5210D8B7169AA52300C5200D /* AdobeSystems.png */,
				5210D87B1696B29600C5200D /* LingTweak-Info.plist */,
				5210D8BC169AD1B500C5200D /* icon.icns */,
				5210D87C1696B29600C5200D /* InfoPlist.strings */,
				5210D87F1696B29600C5200D /* main.m */,
				5210D8811696B29600C5200D /* LingTweak-Prefix.pch */,
				5210D8821696B29600C5200D /* Credits.rtf */,
			);
			name = "Supporting Files";
			sourceTree = "<group>";
		};
		5210D8A9169A963400C5200D /* Library */ = {
			isa = PBXGroup;
			children = (
				5210D8AA169A970F00C5200D /* BLAuthentication.h */,
				5210D8AB169A970F00C5200D /* BLAuthentication.m */,
			);
			name = Library;
			sourceTree = "<group>";
		};
/* End PBXGroup section */

/* Begin PBXNativeTarget section */
		5210D86E1696B29600C5200D /* LingTweak */ = {
			isa = PBXNativeTarget;
			buildConfigurationList = 5210D88D1696B29600C5200D /* Build configuration list for PBXNativeTarget "LingTweak" */;
			buildPhases = (
				5210D86B1696B29600C5200D /* Sources */,
				5210D86C1696B29600C5200D /* Frameworks */,
				5210D86D1696B29600C5200D /* Resources */,
			);
			buildRules = (
			);
			dependencies = (
			);
			name = LingTweak;
			productName = LingTweak;
			productReference = 5210D86F1696B29600C5200D /* LingTweak.app */;
			productType = "com.apple.product-type.application";
		};
/* End PBXNativeTarget section */

/* Begin PBXProject section */
		5210D8661696B29500C5200D /* Project object */ = {
			isa = PBXProject;
			attributes = {
				LastUpgradeCheck = 0450;
				ORGANIZATIONNAME = ling;
			};
			buildConfigurationList = 5210D8691696B29500C5200D /* Build configuration list for PBXProject "LingTweak" */;
			compatibilityVersion = "Xcode 3.2";
			developmentRegion = English;
			hasScannedForEncodings = 0;
			knownRegions = (
				en,
			);
			mainGroup = 5210D8641696B29500C5200D;
			productRefGroup = 5210D8701696B29600C5200D /* Products */;
			projectDirPath = "";
			projectRoot = "";
			targets = (
				5210D86E1696B29600C5200D /* LingTweak */,
			);
		};
/* End PBXProject section */

/* Begin PBXResourcesBuildPhase section */
		5210D86D1696B29600C5200D /* Resources */ = {
			isa = PBXResourcesBuildPhase;
			buildActionMask = 2147483647;
			files = (
				5210D87E1696B29600C5200D /* InfoPlist.strings in Resources */,
				5210D8841696B29600C5200D /* Credits.rtf in Resources */,
				5210D88A1696B29600C5200D /* MainMenu.xib in Resources */,
				5210D8B8169AA52300C5200D /* AdobeSystems.png in Resources */,
				5210D8BB169AB2BD00C5200D /* hosts-patched in Resources */,
				5210D8BD169AD1B500C5200D /* icon.icns in Resources */,
			);
			runOnlyForDeploymentPostprocessing = 0;
		};
/* End PBXResourcesBuildPhase section */

/* Begin PBXSourcesBuildPhase section */
		5210D86B1696B29600C5200D /* Sources */ = {
			isa = PBXSourcesBuildPhase;
			buildActionMask = 2147483647;
			files = (
				5210D8AC169A97B000C5200D /* BLAuthentication.m in Sources */,
				5210D8801696B29600C5200D /* main.m in Sources */,
				5210D8871696B29600C5200D /* AppDelegate.m in Sources */,
				5210D8961696B43100C5200D /* TweakController.m in Sources */,
			);
			runOnlyForDeploymentPostprocessing = 0;
		};
/* End PBXSourcesBuildPhase section */

/* Begin PBXVariantGroup section */
		5210D87C1696B29600C5200D /* InfoPlist.strings */ = {
			isa = PBXVariantGroup;
			children = (
				5210D87D1696B29600C5200D /* en */,
			);
			name = InfoPlist.strings;
			sourceTree = "<group>";
		};
		5210D8821696B29600C5200D /* Credits.rtf */ = {
			isa = PBXVariantGroup;
			children = (
				5210D8831696B29600C5200D /* en */,
			);
			name = Credits.rtf;
			sourceTree = "<group>";
		};
		5210D8881696B29600C5200D /* MainMenu.xib */ = {
			isa = PBXVariantGroup;
			children = (
				5210D8891696B29600C5200D /* en */,
			);
			name = MainMenu.xib;
			sourceTree = "<group>";
		};
/* End PBXVariantGroup section */

/* Begin XCBuildConfiguration section */
		5210D88B1696B29600C5200D /* Debug */ = {
			isa = XCBuildConfiguration;
			buildSettings = {
				ALWAYS_SEARCH_USER_PATHS = NO;
				ARCHS = "$(ARCHS_STANDARD_64_BIT)";
				CLANG_CXX_LANGUAGE_STANDARD = "gnu++0x";
				CLANG_CXX_LIBRARY = "libc++";
				CLANG_WARN_EMPTY_BODY = YES;
				CLANG_WARN__DUPLICATE_METHOD_MATCH = YES;
				COPY_PHASE_STRIP = NO;
				GCC_C_LANGUAGE_STANDARD = gnu99;
				GCC_DYNAMIC_NO_PIC = NO;
				GCC_ENABLE_OBJC_EXCEPTIONS = YES;
				GCC_OPTIMIZATION_LEVEL = 0;
				GCC_PREPROCESSOR_DEFINITIONS = (
					"DEBUG=1",
					"$(inherited)",
				);
				GCC_SYMBOLS_PRIVATE_EXTERN = NO;
				GCC_WARN_64_TO_32_BIT_CONVERSION = YES;
				GCC_WARN_ABOUT_RETURN_TYPE = YES;
				GCC_WARN_UNINITIALIZED_AUTOS = YES;
				GCC_WARN_UNUSED_VARIABLE = YES;
				MACOSX_DEPLOYMENT_TARGET = 10.7;
				ONLY_ACTIVE_ARCH = YES;
				SDKROOT = macosx;
			};
			name = Debug;
		};
		5210D88C1696B29600C5200D /* Release */ = {
			isa = XCBuildConfiguration;
			buildSettings = {
				ALWAYS_SEARCH_USER_PATHS = NO;
				ARCHS = "$(ARCHS_STANDARD_64_BIT)";
				CLANG_CXX_LANGUAGE_STANDARD = "gnu++0x";
				CLANG_CXX_LIBRARY = "libc++";
				CLANG_WARN_EMPTY_BODY = YES;
				CLANG_WARN__DUPLICATE_METHOD_MATCH = YES;
				COPY_PHASE_STRIP = YES;
				DEBUG_INFORMATION_FORMAT = "dwarf-with-dsym";
				GCC_C_LANGUAGE_STANDARD = gnu99;
				GCC_ENABLE_OBJC_EXCEPTIONS = YES;
				GCC_WARN_64_TO_32_BIT_CONVERSION = YES;
				GCC_WARN_ABOUT_RETURN_TYPE = YES;
				GCC_WARN_UNINITIALIZED_AUTOS = YES;
				GCC_WARN_UNUSED_VARIABLE = YES;
				MACOSX_DEPLOYMENT_TARGET = 10.7;
				SDKROOT = macosx;
			};
			name = Release;
		};
		5210D88E1696B29600C5200D /* Debug */ = {
			isa = XCBuildConfiguration;
			buildSettings = {
				COMBINE_HIDPI_IMAGES = YES;
				GCC_PRECOMPILE_PREFIX_HEADER = YES;
				GCC_PREFIX_HEADER = "LingTweak/LingTweak-Prefix.pch";
				INFOPLIST_FILE = "LingTweak/LingTweak-Info.plist";
				MACOSX_DEPLOYMENT_TARGET = 10.5;
				PRODUCT_NAME = "$(TARGET_NAME)";
				WRAPPER_EXTENSION = app;
			};
			name = Debug;
		};
		5210D88F1696B29600C5200D /* Release */ = {
			isa = XCBuildConfiguration;
			buildSettings = {
				COMBINE_HIDPI_IMAGES = YES;
				GCC_PRECOMPILE_PREFIX_HEADER = YES;
				GCC_PREFIX_HEADER = "LingTweak/LingTweak-Prefix.pch";
				INFOPLIST_FILE = "LingTweak/LingTweak-Info.plist";
				MACOSX_DEPLOYMENT_TARGET = 10.5;
				PRODUCT_NAME = "$(TARGET_NAME)";
				WRAPPER_EXTENSION = app;
			};
			name = Release;
		};
/* End XCBuildConfiguration section */

/* Begin XCConfigurationList section */
		5210D8691696B29500C5200D /* Build configuration list for PBXProject "LingTweak" */ = {
			isa = XCConfigurationList;
			buildConfigurations = (
				5210D88B1696B29600C5200D /* Debug */,
				5210D88C1696B29600C5200D /* Release */,
			);
			defaultConfigurationIsVisible = 0;
			defaultConfigurationName = Release;
		};
		5210D88D1696B29600C5200D /* Build configuration list for PBXNativeTarget "LingTweak" */ = {
			isa = XCConfigurationList;
			buildConfigurations = (
				5210D88E1696B29600C5200D /* Debug */,
				5210D88F1696B29600C5200D /* Release */,
			);
			defaultConfigurationIsVisible = 0;
			defaultConfigurationName = Release;
		};
/* End XCConfigurationList section */
	};
	rootObject = 5210D8661696B29500C5200D /* Project object */;
}
